github.com/DATA-DOG/godog v0.7.13 h1:JmgpKcra7Vf3yzI9vPsWyoQRx13tyKziHtXWDCUUgok=
github.com/DATA-DOG/godog v0.7.13/go.mod h1:z2OZ6a3X0/YAKVqLfVzYBwFt3j6uSt3Xrqa7XTtcQE0=
github.com/DataDog/datadog-go v0.0.0-20170427165718-0ddda6bee211 h1:hOSWYZBOWXZwYN+huYLFKsb4f6uohHgpx6cLlAXOqjA=
github.com/DataDog/datadog-go v0.0.0-20170427165718-0ddda6bee211/go.mod h1:LButxg5PwREeZtORoXG3tL4fMGNddJ+vMq1mwgfaqoQ=
github.com/building-microservices-with-go/chapter10-services-search v0.0.0-20170726112337-2917dd7c8c18 h1:IFmEND8bDw9bGzETZ4SaAe/RbWhpIpreNNHgTBVswxs=
github.com/building-microservices-with-go/chapter10-services-search v0.0.0-20170726112337-2917dd7c8c18/go.mod h1:jPQOHN/ccKs6/3kJsYQRg862wYU1r5vc5Ne2kCAVRgo=
github.com/davecgh/go-spew v0.0.0-20160907170601-6d212800a42e h1:PuhFC+IBoXcNHhkaUTRc+kNN0MtTMPFoWWBXyNMw7ww=
github.com/davecgh/go-spew v0.0.0-20160907170601-6d212800a42e/go.mod h1:J7Y8YcW2NihsgmVo/mv3lAwl/skON4iLHjSsI+c5H38=
github.com/go-sql-driver/mysql v1.3.0 h1:pgwjLi/dvffoP9aabwkT3AKpXQM93QARkjFhDDqC1UE=
github.com/go-sql-driver/mysql v1.3.0/go.mod h1:zAC/RDZ24gD3HViQzih4MyKcchzm+sOG5ZlKdlhCg5w=
github.com/pmezard/go-difflib v0.0.0-20151028094244-d8ed2627bdf0 h1:GD+A8+e+wFkqje55/2fOVnZPkoDIu1VooBWfNrnY8Uo=
github.com/pmezard/go-difflib v0.0.0-20151028094244-d8ed2627bdf0/go.mod h1:iKH77koFhYxTK1pcRnkKkqfTogsbg7gZNVY4sRDYZ/4=
github.com/sirupsen/logrus v1.0.0 h1:XM8X4m/9ACaclZMs946FQNEZBZafvToJLTR4007drwo=
github.com/sirupsen/logrus v1.0.0/go.mod h1:pMByvHTf9Beacp5x1UXfOR9xyW/9antXMhjMPG0dEzc=
github.com/stretchr/objx v0.0.0-20140526180921-cbeaeb16a013 h1:lg5xphrNMF4T2GfLhtXOhFrTn5ZmPRUOWXvCLOattFY=
github.com/stretchr/objx v0.0.0-20140526180921-cbeaeb16a013/go.mod h1:HFkY916IF+rwdDfMAkV7OtwuqBVzrE8GR6GFx+wExME=
github.com/stretchr/testify v1.1.4 h1:ToftOQTytwshuOSj6bDSolVUa3GINfJP/fg3OkkOzQQ=
github.com/stretchr/testify v1.1.4/go.mod h1:a8OnRcib4nhh0OaRAV+Yts87kKdq0PP7pXfy6kDkUVs=
